
Microsoft Visual Studio Solution File, Format Version 12.00
# Visual Studio Version 16
VisualStudioVersion = 16.0.29911.84
MinimumVisualStudioVersion = 10.0.40219.1
Project("{8BC9CEB8-8B4A-11D0-8D11-00A0C91BC942}") = "Experiment_002", "Experiment_002\Experiment_002.vcxproj", "{B739809E-9BD9-4758-BDF1-5CB228C85C15}"
EndProject
Global
	GlobalSection(SolutionConfigurationPlatforms) = preSolution
		Debug|x64 = Debug|x64
		Debug|x86 = Debug|x86
		Release|x64 = Release|x64
		Release|x86 = Release|x86
	EndGlobalSection
	GlobalSection(ProjectConfigurationPlatforms) = postSolution
		{B739809E-9BD9-4758-BDF1-5CB228C85C15}.Debug|x64.ActiveCfg = Debug|x64
		{B739809E-9BD9-4758-BDF1-5CB228C85C15}.Debug|x64.Build.0 = Debug|x64
		{B739809E-9BD9-4758-BDF1-5CB228C85C15}.Debug|x86.ActiveCfg = Debug|Win32
		{B739809E-9BD9-4758-BDF1-5CB228C85C15}.Debug|x86.Build.0 = Debug|Win32
		{B739809E-9BD9-4758-BDF1-5CB228C85C15}.Release|x64.ActiveCfg = Release|x64
		{B739809E-9BD9-4758-BDF1-5CB228C85C15}.Release|x64.Build.0 = Release|x64
		{B739809E-9BD9-4758-BDF1-5CB228C85C15}.Release|x86.ActiveCfg = Release|Win32
		{B739809E-9BD9-4758-BDF1-5CB228C85C15}.Release|x86.Build.0 = Release|Win32
	EndGlobalSection
	GlobalSection(SolutionProperties) = preSolution
		HideSolutionNode = FALSE
	EndGlobalSection
	GlobalSection(ExtensibilityGlobals) = postSolution
		SolutionGuid = {D93C9916-0297-412F-92A6-B1AB2F53670F}
	EndGlobalSection
EndGlobal
