
Microsoft Visual Studio Solution File, Format Version 12.00
# Visual Studio Version 16
VisualStudioVersion = 16.0.30011.22
MinimumVisualStudioVersion = 10.0.40219.1
Project("{8BC9CEB8-8B4A-11D0-8D11-00A0C91BC942}") = "7.3_InheritanceMethod_003", "7.3_InheritanceMethod_003\7.3_InheritanceMethod_003.vcxproj", "{F5B43885-6B77-4F77-BC9A-DE4964185C07}"
EndProject
Global
	GlobalSection(SolutionConfigurationPlatforms) = preSolution
		Debug|x64 = Debug|x64
		Debug|x86 = Debug|x86
		Release|x64 = Release|x64
		Release|x86 = Release|x86
	EndGlobalSection
	GlobalSection(ProjectConfigurationPlatforms) = postSolution
		{F5B43885-6B77-4F77-BC9A-DE4964185C07}.Debug|x64.ActiveCfg = Debug|x64
		{F5B43885-6B77-4F77-BC9A-DE4964185C07}.Debug|x64.Build.0 = Debug|x64
		{F5B43885-6B77-4F77-BC9A-DE4964185C07}.Debug|x86.ActiveCfg = Debug|Win32
		{F5B43885-6B77-4F77-BC9A-DE4964185C07}.Debug|x86.Build.0 = Debug|Win32
		{F5B43885-6B77-4F77-BC9A-DE4964185C07}.Release|x64.ActiveCfg = Release|x64
		{F5B43885-6B77-4F77-BC9A-DE4964185C07}.Release|x64.Build.0 = Release|x64
		{F5B43885-6B77-4F77-BC9A-DE4964185C07}.Release|x86.ActiveCfg = Release|Win32
		{F5B43885-6B77-4F77-BC9A-DE4964185C07}.Release|x86.Build.0 = Release|Win32
	EndGlobalSection
	GlobalSection(SolutionProperties) = preSolution
		HideSolutionNode = FALSE
	EndGlobalSection
	GlobalSection(ExtensibilityGlobals) = postSolution
		SolutionGuid = {EE0A43DA-7EE9-4B95-87D0-675A3A88836E}
	EndGlobalSection
EndGlobal
