
Microsoft Visual Studio Solution File, Format Version 12.00
# Visual Studio Version 16
VisualStudioVersion = 16.0.30011.22
MinimumVisualStudioVersion = 10.0.40219.1
Project("{8BC9CEB8-8B4A-11D0-8D11-00A0C91BC942}") = "9.10_Supplement_007_PartialTemplateSpecialization", "9.10_Supplement_007_PartialTemplateSpecialization\9.10_Supplement_007_PartialTemplateSpecialization.vcxproj", "{8428EEA9-29BE-435D-9F07-892D4FDE73FB}"
EndProject
Global
	GlobalSection(SolutionConfigurationPlatforms) = preSolution
		Debug|x64 = Debug|x64
		Debug|x86 = Debug|x86
		Release|x64 = Release|x64
		Release|x86 = Release|x86
	EndGlobalSection
	GlobalSection(ProjectConfigurationPlatforms) = postSolution
		{8428EEA9-29BE-435D-9F07-892D4FDE73FB}.Debug|x64.ActiveCfg = Debug|x64
		{8428EEA9-29BE-435D-9F07-892D4FDE73FB}.Debug|x64.Build.0 = Debug|x64
		{8428EEA9-29BE-435D-9F07-892D4FDE73FB}.Debug|x86.ActiveCfg = Debug|Win32
		{8428EEA9-29BE-435D-9F07-892D4FDE73FB}.Debug|x86.Build.0 = Debug|Win32
		{8428EEA9-29BE-435D-9F07-892D4FDE73FB}.Release|x64.ActiveCfg = Release|x64
		{8428EEA9-29BE-435D-9F07-892D4FDE73FB}.Release|x64.Build.0 = Release|x64
		{8428EEA9-29BE-435D-9F07-892D4FDE73FB}.Release|x86.ActiveCfg = Release|Win32
		{8428EEA9-29BE-435D-9F07-892D4FDE73FB}.Release|x86.Build.0 = Release|Win32
	EndGlobalSection
	GlobalSection(SolutionProperties) = preSolution
		HideSolutionNode = FALSE
	EndGlobalSection
	GlobalSection(ExtensibilityGlobals) = postSolution
		SolutionGuid = {7D532001-BB53-4DC2-BDF9-6183F29D62B1}
	EndGlobalSection
EndGlobal
