
Microsoft Visual Studio Solution File, Format Version 12.00
# Visual Studio Version 16
VisualStudioVersion = 16.0.30011.22
MinimumVisualStudioVersion = 10.0.40219.1
Project("{8BC9CEB8-8B4A-11D0-8D11-00A0C91BC942}") = "11.3_InputStream_002", "11.3_InputStream_002\11.3_InputStream_002.vcxproj", "{BAC79F48-9F31-4A8D-8E77-0F6C6423E6C0}"
EndProject
Global
	GlobalSection(SolutionConfigurationPlatforms) = preSolution
		Debug|x64 = Debug|x64
		Debug|x86 = Debug|x86
		Release|x64 = Release|x64
		Release|x86 = Release|x86
	EndGlobalSection
	GlobalSection(ProjectConfigurationPlatforms) = postSolution
		{BAC79F48-9F31-4A8D-8E77-0F6C6423E6C0}.Debug|x64.ActiveCfg = Debug|x64
		{BAC79F48-9F31-4A8D-8E77-0F6C6423E6C0}.Debug|x64.Build.0 = Debug|x64
		{BAC79F48-9F31-4A8D-8E77-0F6C6423E6C0}.Debug|x86.ActiveCfg = Debug|Win32
		{BAC79F48-9F31-4A8D-8E77-0F6C6423E6C0}.Debug|x86.Build.0 = Debug|Win32
		{BAC79F48-9F31-4A8D-8E77-0F6C6423E6C0}.Release|x64.ActiveCfg = Release|x64
		{BAC79F48-9F31-4A8D-8E77-0F6C6423E6C0}.Release|x64.Build.0 = Release|x64
		{BAC79F48-9F31-4A8D-8E77-0F6C6423E6C0}.Release|x86.ActiveCfg = Release|Win32
		{BAC79F48-9F31-4A8D-8E77-0F6C6423E6C0}.Release|x86.Build.0 = Release|Win32
	EndGlobalSection
	GlobalSection(SolutionProperties) = preSolution
		HideSolutionNode = FALSE
	EndGlobalSection
	GlobalSection(ExtensibilityGlobals) = postSolution
		SolutionGuid = {A7A823BF-86FC-4F46-A195-61170FD7472A}
	EndGlobalSection
EndGlobal
