
Microsoft Visual Studio Solution File, Format Version 12.00
# Visual Studio Version 16
VisualStudioVersion = 16.0.30011.22
MinimumVisualStudioVersion = 10.0.40219.1
Project("{8BC9CEB8-8B4A-11D0-8D11-00A0C91BC942}") = "6.12_String_005", "6.12_String_005\6.12_String_005.vcxproj", "{A925CB83-60F1-4F1A-B24F-1F3CB14C3A52}"
EndProject
Global
	GlobalSection(SolutionConfigurationPlatforms) = preSolution
		Debug|x64 = Debug|x64
		Debug|x86 = Debug|x86
		Release|x64 = Release|x64
		Release|x86 = Release|x86
	EndGlobalSection
	GlobalSection(ProjectConfigurationPlatforms) = postSolution
		{A925CB83-60F1-4F1A-B24F-1F3CB14C3A52}.Debug|x64.ActiveCfg = Debug|x64
		{A925CB83-60F1-4F1A-B24F-1F3CB14C3A52}.Debug|x64.Build.0 = Debug|x64
		{A925CB83-60F1-4F1A-B24F-1F3CB14C3A52}.Debug|x86.ActiveCfg = Debug|Win32
		{A925CB83-60F1-4F1A-B24F-1F3CB14C3A52}.Debug|x86.Build.0 = Debug|Win32
		{A925CB83-60F1-4F1A-B24F-1F3CB14C3A52}.Release|x64.ActiveCfg = Release|x64
		{A925CB83-60F1-4F1A-B24F-1F3CB14C3A52}.Release|x64.Build.0 = Release|x64
		{A925CB83-60F1-4F1A-B24F-1F3CB14C3A52}.Release|x86.ActiveCfg = Release|Win32
		{A925CB83-60F1-4F1A-B24F-1F3CB14C3A52}.Release|x86.Build.0 = Release|Win32
	EndGlobalSection
	GlobalSection(SolutionProperties) = preSolution
		HideSolutionNode = FALSE
	EndGlobalSection
	GlobalSection(ExtensibilityGlobals) = postSolution
		SolutionGuid = {783B2D1B-70B3-45A3-B52F-B79C45347DB1}
	EndGlobalSection
EndGlobal
