
Microsoft Visual Studio Solution File, Format Version 12.00
# Visual Studio Version 16
VisualStudioVersion = 16.0.30011.22
MinimumVisualStudioVersion = 10.0.40219.1
Project("{8BC9CEB8-8B4A-11D0-8D11-00A0C91BC942}") = "7.7_Supplement_004_FriendInInheritance", "7.7_Supplement_004_FriendInInheritance\7.7_Supplement_004_FriendInInheritance.vcxproj", "{362C00C6-0692-40BD-A24D-FBC8F64F7AB9}"
EndProject
Global
	GlobalSection(SolutionConfigurationPlatforms) = preSolution
		Debug|x64 = Debug|x64
		Debug|x86 = Debug|x86
		Release|x64 = Release|x64
		Release|x86 = Release|x86
	EndGlobalSection
	GlobalSection(ProjectConfigurationPlatforms) = postSolution
		{362C00C6-0692-40BD-A24D-FBC8F64F7AB9}.Debug|x64.ActiveCfg = Debug|x64
		{362C00C6-0692-40BD-A24D-FBC8F64F7AB9}.Debug|x64.Build.0 = Debug|x64
		{362C00C6-0692-40BD-A24D-FBC8F64F7AB9}.Debug|x86.ActiveCfg = Debug|Win32
		{362C00C6-0692-40BD-A24D-FBC8F64F7AB9}.Debug|x86.Build.0 = Debug|Win32
		{362C00C6-0692-40BD-A24D-FBC8F64F7AB9}.Release|x64.ActiveCfg = Release|x64
		{362C00C6-0692-40BD-A24D-FBC8F64F7AB9}.Release|x64.Build.0 = Release|x64
		{362C00C6-0692-40BD-A24D-FBC8F64F7AB9}.Release|x86.ActiveCfg = Release|Win32
		{362C00C6-0692-40BD-A24D-FBC8F64F7AB9}.Release|x86.Build.0 = Release|Win32
	EndGlobalSection
	GlobalSection(SolutionProperties) = preSolution
		HideSolutionNode = FALSE
	EndGlobalSection
	GlobalSection(ExtensibilityGlobals) = postSolution
		SolutionGuid = {3F4F4854-4FDE-4754-8231-E7B9B0BE6F24}
	EndGlobalSection
EndGlobal
