
Microsoft Visual Studio Solution File, Format Version 12.00
# Visual Studio Version 16
VisualStudioVersion = 16.0.30011.22
MinimumVisualStudioVersion = 10.0.40219.1
Project("{8BC9CEB8-8B4A-11D0-8D11-00A0C91BC942}") = "10_Experiment_002", "10_Experiment_002\10_Experiment_002.vcxproj", "{8D217027-8B90-4538-9461-418F6256DDFB}"
EndProject
Global
	GlobalSection(SolutionConfigurationPlatforms) = preSolution
		Debug|x64 = Debug|x64
		Debug|x86 = Debug|x86
		Release|x64 = Release|x64
		Release|x86 = Release|x86
	EndGlobalSection
	GlobalSection(ProjectConfigurationPlatforms) = postSolution
		{8D217027-8B90-4538-9461-418F6256DDFB}.Debug|x64.ActiveCfg = Debug|x64
		{8D217027-8B90-4538-9461-418F6256DDFB}.Debug|x64.Build.0 = Debug|x64
		{8D217027-8B90-4538-9461-418F6256DDFB}.Debug|x86.ActiveCfg = Debug|Win32
		{8D217027-8B90-4538-9461-418F6256DDFB}.Debug|x86.Build.0 = Debug|Win32
		{8D217027-8B90-4538-9461-418F6256DDFB}.Release|x64.ActiveCfg = Release|x64
		{8D217027-8B90-4538-9461-418F6256DDFB}.Release|x64.Build.0 = Release|x64
		{8D217027-8B90-4538-9461-418F6256DDFB}.Release|x86.ActiveCfg = Release|Win32
		{8D217027-8B90-4538-9461-418F6256DDFB}.Release|x86.Build.0 = Release|Win32
	EndGlobalSection
	GlobalSection(SolutionProperties) = preSolution
		HideSolutionNode = FALSE
	EndGlobalSection
	GlobalSection(ExtensibilityGlobals) = postSolution
		SolutionGuid = {1D1FBFEF-945B-4485-ABE7-872A472939D6}
	EndGlobalSection
EndGlobal
