
Microsoft Visual Studio Solution File, Format Version 12.00
# Visual Studio Version 16
VisualStudioVersion = 16.0.30011.22
MinimumVisualStudioVersion = 10.0.40219.1
Project("{8BC9CEB8-8B4A-11D0-8D11-00A0C91BC942}") = "9.10_Supplement_006_PartialTemplateSpecialization", "9.10_Supplement_006_PartialTemplateSpecialization\9.10_Supplement_006_PartialTemplateSpecialization.vcxproj", "{88765475-225D-45E1-8B7E-3D88C59BD6A8}"
EndProject
Global
	GlobalSection(SolutionConfigurationPlatforms) = preSolution
		Debug|x64 = Debug|x64
		Debug|x86 = Debug|x86
		Release|x64 = Release|x64
		Release|x86 = Release|x86
	EndGlobalSection
	GlobalSection(ProjectConfigurationPlatforms) = postSolution
		{88765475-225D-45E1-8B7E-3D88C59BD6A8}.Debug|x64.ActiveCfg = Debug|x64
		{88765475-225D-45E1-8B7E-3D88C59BD6A8}.Debug|x64.Build.0 = Debug|x64
		{88765475-225D-45E1-8B7E-3D88C59BD6A8}.Debug|x86.ActiveCfg = Debug|Win32
		{88765475-225D-45E1-8B7E-3D88C59BD6A8}.Debug|x86.Build.0 = Debug|Win32
		{88765475-225D-45E1-8B7E-3D88C59BD6A8}.Release|x64.ActiveCfg = Release|x64
		{88765475-225D-45E1-8B7E-3D88C59BD6A8}.Release|x64.Build.0 = Release|x64
		{88765475-225D-45E1-8B7E-3D88C59BD6A8}.Release|x86.ActiveCfg = Release|Win32
		{88765475-225D-45E1-8B7E-3D88C59BD6A8}.Release|x86.Build.0 = Release|Win32
	EndGlobalSection
	GlobalSection(SolutionProperties) = preSolution
		HideSolutionNode = FALSE
	EndGlobalSection
	GlobalSection(ExtensibilityGlobals) = postSolution
		SolutionGuid = {829277C9-CFD5-4878-A681-4952D7395E3E}
	EndGlobalSection
EndGlobal
