
Microsoft Visual Studio Solution File, Format Version 12.00
# Visual Studio Version 16
VisualStudioVersion = 16.0.30011.22
MinimumVisualStudioVersion = 10.0.40219.1
Project("{8BC9CEB8-8B4A-11D0-8D11-00A0C91BC942}") = "9.10_Supplement_009_TemplateMetaProgramming", "9.10_Supplement_009_TemplateMetaProgramming\9.10_Supplement_009_TemplateMetaProgramming.vcxproj", "{02B14D86-6D00-484B-945B-4DF9F2278F1C}"
EndProject
Global
	GlobalSection(SolutionConfigurationPlatforms) = preSolution
		Debug|x64 = Debug|x64
		Debug|x86 = Debug|x86
		Release|x64 = Release|x64
		Release|x86 = Release|x86
	EndGlobalSection
	GlobalSection(ProjectConfigurationPlatforms) = postSolution
		{02B14D86-6D00-484B-945B-4DF9F2278F1C}.Debug|x64.ActiveCfg = Debug|x64
		{02B14D86-6D00-484B-945B-4DF9F2278F1C}.Debug|x64.Build.0 = Debug|x64
		{02B14D86-6D00-484B-945B-4DF9F2278F1C}.Debug|x86.ActiveCfg = Debug|Win32
		{02B14D86-6D00-484B-945B-4DF9F2278F1C}.Debug|x86.Build.0 = Debug|Win32
		{02B14D86-6D00-484B-945B-4DF9F2278F1C}.Release|x64.ActiveCfg = Release|x64
		{02B14D86-6D00-484B-945B-4DF9F2278F1C}.Release|x64.Build.0 = Release|x64
		{02B14D86-6D00-484B-945B-4DF9F2278F1C}.Release|x86.ActiveCfg = Release|Win32
		{02B14D86-6D00-484B-945B-4DF9F2278F1C}.Release|x86.Build.0 = Release|Win32
	EndGlobalSection
	GlobalSection(SolutionProperties) = preSolution
		HideSolutionNode = FALSE
	EndGlobalSection
	GlobalSection(ExtensibilityGlobals) = postSolution
		SolutionGuid = {37496C9A-FA32-44AB-B04E-AA2A51EA0959}
	EndGlobalSection
EndGlobal
