
Microsoft Visual Studio Solution File, Format Version 12.00
# Visual Studio Version 16
VisualStudioVersion = 16.0.30011.22
MinimumVisualStudioVersion = 10.0.40219.1
Project("{8BC9CEB8-8B4A-11D0-8D11-00A0C91BC942}") = "10.7_FunctionObject_005", "10.7_FunctionObject_005\10.7_FunctionObject_005.vcxproj", "{A762EC86-C841-4B31-8C06-6B17B05AD81D}"
EndProject
Global
	GlobalSection(SolutionConfigurationPlatforms) = preSolution
		Debug|x64 = Debug|x64
		Debug|x86 = Debug|x86
		Release|x64 = Release|x64
		Release|x86 = Release|x86
	EndGlobalSection
	GlobalSection(ProjectConfigurationPlatforms) = postSolution
		{A762EC86-C841-4B31-8C06-6B17B05AD81D}.Debug|x64.ActiveCfg = Debug|x64
		{A762EC86-C841-4B31-8C06-6B17B05AD81D}.Debug|x64.Build.0 = Debug|x64
		{A762EC86-C841-4B31-8C06-6B17B05AD81D}.Debug|x86.ActiveCfg = Debug|Win32
		{A762EC86-C841-4B31-8C06-6B17B05AD81D}.Debug|x86.Build.0 = Debug|Win32
		{A762EC86-C841-4B31-8C06-6B17B05AD81D}.Release|x64.ActiveCfg = Release|x64
		{A762EC86-C841-4B31-8C06-6B17B05AD81D}.Release|x64.Build.0 = Release|x64
		{A762EC86-C841-4B31-8C06-6B17B05AD81D}.Release|x86.ActiveCfg = Release|Win32
		{A762EC86-C841-4B31-8C06-6B17B05AD81D}.Release|x86.Build.0 = Release|Win32
	EndGlobalSection
	GlobalSection(SolutionProperties) = preSolution
		HideSolutionNode = FALSE
	EndGlobalSection
	GlobalSection(ExtensibilityGlobals) = postSolution
		SolutionGuid = {4F65CC3B-C556-4396-918A-1E421E95FBEB}
	EndGlobalSection
EndGlobal
