
Microsoft Visual Studio Solution File, Format Version 12.00
# Visual Studio Version 16
VisualStudioVersion = 16.0.29911.84
MinimumVisualStudioVersion = 10.0.40219.1
Project("{8BC9CEB8-8B4A-11D0-8D11-00A0C91BC942}") = "3.3_006", "3.3_006\3.3_006.vcxproj", "{62005616-5A9D-44F0-BEE3-6054A3794B3E}"
EndProject
Global
	GlobalSection(SolutionConfigurationPlatforms) = preSolution
		Debug|x64 = Debug|x64
		Debug|x86 = Debug|x86
		Release|x64 = Release|x64
		Release|x86 = Release|x86
	EndGlobalSection
	GlobalSection(ProjectConfigurationPlatforms) = postSolution
		{62005616-5A9D-44F0-BEE3-6054A3794B3E}.Debug|x64.ActiveCfg = Debug|x64
		{62005616-5A9D-44F0-BEE3-6054A3794B3E}.Debug|x64.Build.0 = Debug|x64
		{62005616-5A9D-44F0-BEE3-6054A3794B3E}.Debug|x86.ActiveCfg = Debug|Win32
		{62005616-5A9D-44F0-BEE3-6054A3794B3E}.Debug|x86.Build.0 = Debug|Win32
		{62005616-5A9D-44F0-BEE3-6054A3794B3E}.Release|x64.ActiveCfg = Release|x64
		{62005616-5A9D-44F0-BEE3-6054A3794B3E}.Release|x64.Build.0 = Release|x64
		{62005616-5A9D-44F0-BEE3-6054A3794B3E}.Release|x86.ActiveCfg = Release|Win32
		{62005616-5A9D-44F0-BEE3-6054A3794B3E}.Release|x86.Build.0 = Release|Win32
	EndGlobalSection
	GlobalSection(SolutionProperties) = preSolution
		HideSolutionNode = FALSE
	EndGlobalSection
	GlobalSection(ExtensibilityGlobals) = postSolution
		SolutionGuid = {9034B2C4-6BEB-402A-A3D0-EBC9BC4E18B1}
	EndGlobalSection
EndGlobal
