
Microsoft Visual Studio Solution File, Format Version 12.00
# Visual Studio Version 16
VisualStudioVersion = 16.0.30011.22
MinimumVisualStudioVersion = 10.0.40219.1
Project("{8BC9CEB8-8B4A-11D0-8D11-00A0C91BC942}") = "11.3_InputStream_005", "11.3_InputStream_005\11.3_InputStream_005.vcxproj", "{464EA491-61C6-431D-9313-AB96C6028749}"
EndProject
Global
	GlobalSection(SolutionConfigurationPlatforms) = preSolution
		Debug|x64 = Debug|x64
		Debug|x86 = Debug|x86
		Release|x64 = Release|x64
		Release|x86 = Release|x86
	EndGlobalSection
	GlobalSection(ProjectConfigurationPlatforms) = postSolution
		{464EA491-61C6-431D-9313-AB96C6028749}.Debug|x64.ActiveCfg = Debug|x64
		{464EA491-61C6-431D-9313-AB96C6028749}.Debug|x64.Build.0 = Debug|x64
		{464EA491-61C6-431D-9313-AB96C6028749}.Debug|x86.ActiveCfg = Debug|Win32
		{464EA491-61C6-431D-9313-AB96C6028749}.Debug|x86.Build.0 = Debug|Win32
		{464EA491-61C6-431D-9313-AB96C6028749}.Release|x64.ActiveCfg = Release|x64
		{464EA491-61C6-431D-9313-AB96C6028749}.Release|x64.Build.0 = Release|x64
		{464EA491-61C6-431D-9313-AB96C6028749}.Release|x86.ActiveCfg = Release|Win32
		{464EA491-61C6-431D-9313-AB96C6028749}.Release|x86.Build.0 = Release|Win32
	EndGlobalSection
	GlobalSection(SolutionProperties) = preSolution
		HideSolutionNode = FALSE
	EndGlobalSection
	GlobalSection(ExtensibilityGlobals) = postSolution
		SolutionGuid = {D533BB4C-796B-4368-9FE4-82563A12CD9A}
	EndGlobalSection
EndGlobal
