
Microsoft Visual Studio Solution File, Format Version 12.00
# Visual Studio Version 16
VisualStudioVersion = 16.0.30011.22
MinimumVisualStudioVersion = 10.0.40219.1
Project("{8BC9CEB8-8B4A-11D0-8D11-00A0C91BC942}") = "10_Homework_10-5_refined_1", "10_Homework_10-5_refined_1\10_Homework_10-5_refined_1.vcxproj", "{F8A37084-8B3B-4BDF-BE72-0EF5D2BE8C4C}"
EndProject
Global
	GlobalSection(SolutionConfigurationPlatforms) = preSolution
		Debug|x64 = Debug|x64
		Debug|x86 = Debug|x86
		Release|x64 = Release|x64
		Release|x86 = Release|x86
	EndGlobalSection
	GlobalSection(ProjectConfigurationPlatforms) = postSolution
		{F8A37084-8B3B-4BDF-BE72-0EF5D2BE8C4C}.Debug|x64.ActiveCfg = Debug|x64
		{F8A37084-8B3B-4BDF-BE72-0EF5D2BE8C4C}.Debug|x64.Build.0 = Debug|x64
		{F8A37084-8B3B-4BDF-BE72-0EF5D2BE8C4C}.Debug|x86.ActiveCfg = Debug|Win32
		{F8A37084-8B3B-4BDF-BE72-0EF5D2BE8C4C}.Debug|x86.Build.0 = Debug|Win32
		{F8A37084-8B3B-4BDF-BE72-0EF5D2BE8C4C}.Release|x64.ActiveCfg = Release|x64
		{F8A37084-8B3B-4BDF-BE72-0EF5D2BE8C4C}.Release|x64.Build.0 = Release|x64
		{F8A37084-8B3B-4BDF-BE72-0EF5D2BE8C4C}.Release|x86.ActiveCfg = Release|Win32
		{F8A37084-8B3B-4BDF-BE72-0EF5D2BE8C4C}.Release|x86.Build.0 = Release|Win32
	EndGlobalSection
	GlobalSection(SolutionProperties) = preSolution
		HideSolutionNode = FALSE
	EndGlobalSection
	GlobalSection(ExtensibilityGlobals) = postSolution
		SolutionGuid = {6931EEC2-0CA0-4901-AEA1-CB237919F623}
	EndGlobalSection
EndGlobal
