
Microsoft Visual Studio Solution File, Format Version 12.00
# Visual Studio Version 16
VisualStudioVersion = 16.0.30011.22
MinimumVisualStudioVersion = 10.0.40219.1
Project("{8BC9CEB8-8B4A-11D0-8D11-00A0C91BC942}") = "6_Experiment_004", "6_Experiment_004\6_Experiment_004.vcxproj", "{B53AE683-FC27-485B-947D-63B4D8DBE441}"
EndProject
Global
	GlobalSection(SolutionConfigurationPlatforms) = preSolution
		Debug|x64 = Debug|x64
		Debug|x86 = Debug|x86
		Release|x64 = Release|x64
		Release|x86 = Release|x86
	EndGlobalSection
	GlobalSection(ProjectConfigurationPlatforms) = postSolution
		{B53AE683-FC27-485B-947D-63B4D8DBE441}.Debug|x64.ActiveCfg = Debug|x64
		{B53AE683-FC27-485B-947D-63B4D8DBE441}.Debug|x64.Build.0 = Debug|x64
		{B53AE683-FC27-485B-947D-63B4D8DBE441}.Debug|x86.ActiveCfg = Debug|Win32
		{B53AE683-FC27-485B-947D-63B4D8DBE441}.Debug|x86.Build.0 = Debug|Win32
		{B53AE683-FC27-485B-947D-63B4D8DBE441}.Release|x64.ActiveCfg = Release|x64
		{B53AE683-FC27-485B-947D-63B4D8DBE441}.Release|x64.Build.0 = Release|x64
		{B53AE683-FC27-485B-947D-63B4D8DBE441}.Release|x86.ActiveCfg = Release|Win32
		{B53AE683-FC27-485B-947D-63B4D8DBE441}.Release|x86.Build.0 = Release|Win32
	EndGlobalSection
	GlobalSection(SolutionProperties) = preSolution
		HideSolutionNode = FALSE
	EndGlobalSection
	GlobalSection(ExtensibilityGlobals) = postSolution
		SolutionGuid = {84228829-954E-4E13-A903-58C24C92C4D3}
	EndGlobalSection
EndGlobal
